
Microsoft Visual Studio Solution File, Format Version 11.00
# Visual Studio 2010
Project("{FAE04EC0-301F-11D3-BF4B-00C04F79EFBC}") = "Game Effects", "Assembly-CSharp-firstpass.csproj", "{A5E2ABEC-0D83-0986-F5E8-C2B56553F236}"
EndProject
Project("{FAE04EC0-301F-11D3-BF4B-00C04F79EFBC}") = "Game Effects", "Assembly-CSharp.csproj", "{D006ED92-E0A0-0DAC-5395-E931626A9CBD}"
EndProject
Project("{FAE04EC0-301F-11D3-BF4B-00C04F79EFBC}") = "Game Effects", "Assembly-CSharp-Editor-firstpass.csproj", "{F92D1494-3FFC-CD07-41D6-F01BDEBC970A}"
EndProject
Project("{FAE04EC0-301F-11D3-BF4B-00C04F79EFBC}") = "Game Effects", "Assembly-CSharp-Editor.csproj", "{2274FC44-C76D-C50C-CBF8-94640EC168EC}"
EndProject
Global
	GlobalSection(SolutionConfigurationPlatforms) = preSolution
		Debug|Any CPU = Debug|Any CPU
		Release|Any CPU = Release|Any CPU
	EndGlobalSection
	GlobalSection(ProjectConfigurationPlatforms) = postSolution
		{A5E2ABEC-0D83-0986-F5E8-C2B56553F236}.Debug|Any CPU.ActiveCfg = Debug|Any CPU
		{A5E2ABEC-0D83-0986-F5E8-C2B56553F236}.Debug|Any CPU.Build.0 = Debug|Any CPU
		{A5E2ABEC-0D83-0986-F5E8-C2B56553F236}.Release|Any CPU.ActiveCfg = Release|Any CPU
		{A5E2ABEC-0D83-0986-F5E8-C2B56553F236}.Release|Any CPU.Build.0 = Release|Any CPU
		{D006ED92-E0A0-0DAC-5395-E931626A9CBD}.Debug|Any CPU.ActiveCfg = Debug|Any CPU
		{D006ED92-E0A0-0DAC-5395-E931626A9CBD}.Debug|Any CPU.Build.0 = Debug|Any CPU
		{D006ED92-E0A0-0DAC-5395-E931626A9CBD}.Release|Any CPU.ActiveCfg = Release|Any CPU
		{D006ED92-E0A0-0DAC-5395-E931626A9CBD}.Release|Any CPU.Build.0 = Release|Any CPU
		{F92D1494-3FFC-CD07-41D6-F01BDEBC970A}.Debug|Any CPU.ActiveCfg = Debug|Any CPU
		{F92D1494-3FFC-CD07-41D6-F01BDEBC970A}.Debug|Any CPU.Build.0 = Debug|Any CPU
		{F92D1494-3FFC-CD07-41D6-F01BDEBC970A}.Release|Any CPU.ActiveCfg = Release|Any CPU
		{F92D1494-3FFC-CD07-41D6-F01BDEBC970A}.Release|Any CPU.Build.0 = Release|Any CPU
		{2274FC44-C76D-C50C-CBF8-94640EC168EC}.Debug|Any CPU.ActiveCfg = Debug|Any CPU
		{2274FC44-C76D-C50C-CBF8-94640EC168EC}.Debug|Any CPU.Build.0 = Debug|Any CPU
		{2274FC44-C76D-C50C-CBF8-94640EC168EC}.Release|Any CPU.ActiveCfg = Release|Any CPU
		{2274FC44-C76D-C50C-CBF8-94640EC168EC}.Release|Any CPU.Build.0 = Release|Any CPU
	EndGlobalSection
	GlobalSection(SolutionProperties) = preSolution
		HideSolutionNode = FALSE
	EndGlobalSection
	GlobalSection(MonoDevelopProperties) = preSolution
		StartupItem = Assembly-CSharp.csproj
	EndGlobalSection
EndGlobal
